
Microsoft Visual Studio Solution File, Format Version 12.00
# Visual Studio Version 17
VisualStudioVersion = 17.1.32210.238
MinimumVisualStudioVersion = 10.0.40219.1
Project("{FAE04EC0-301F-11D3-BF4B-00C04F79EFBC}") = "Resumemanager", "Resumemanager\Resumemanager.csproj", "{7D001627-AD5D-4396-9564-0C08B8327743}"
EndProject
Global
	GlobalSection(SolutionConfigurationPlatforms) = preSolution
		Debug|Any CPU = Debug|Any CPU
		Release|Any CPU = Release|Any CPU
	EndGlobalSection
	GlobalSection(ProjectConfigurationPlatforms) = postSolution
		{7D001627-AD5D-4396-9564-0C08B8327743}.Debug|Any CPU.ActiveCfg = Debug|Any CPU
		{7D001627-AD5D-4396-9564-0C08B8327743}.Debug|Any CPU.Build.0 = Debug|Any CPU
		{7D001627-AD5D-4396-9564-0C08B8327743}.Release|Any CPU.ActiveCfg = Release|Any CPU
		{7D001627-AD5D-4396-9564-0C08B8327743}.Release|Any CPU.Build.0 = Release|Any CPU
	EndGlobalSection
	GlobalSection(SolutionProperties) = preSolution
		HideSolutionNode = FALSE
	EndGlobalSection
	GlobalSection(ExtensibilityGlobals) = postSolution
		SolutionGuid = {891BB2F7-4BE8-45ED-8767-AB07B2A0FDB4}
	EndGlobalSection
EndGlobal
